// !$*UTF8*$!
{
	archiveVersion = 1;
	classes = {
	};
	objectVersion = 56;
	objects = {

/* Begin PBXBuildFile section */
		646CC5C22B604B4500470965 /* AppDelegate.swift in Sources */ = {isa = PBXBuildFile; fileRef = 646CC5C12B604B4500470965 /* AppDelegate.swift */; };
		646CC5C42B604B4500470965 /* SceneDelegate.swift in Sources */ = {isa = PBXBuildFile; fileRef = 646CC5C32B604B4500470965 /* SceneDelegate.swift */; };
		646CC5C62B604B4500470965 /* LoginViewController.swift in Sources */ = {isa = PBXBuildFile; fileRef = 646CC5C52B604B4500470965 /* LoginViewController.swift */; };
		646CC5C92B604B4500470965 /* Main.storyboard in Resources */ = {isa = PBXBuildFile; fileRef = 646CC5C72B604B4500470965 /* Main.storyboard */; };
		646CC5CB2B604B4600470965 /* Assets.xcassets in Resources */ = {isa = PBXBuildFile; fileRef = 646CC5CA2B604B4600470965 /* Assets.xcassets */; };
		646CC5CE2B604B4600470965 /* LaunchScreen.storyboard in Resources */ = {isa = PBXBuildFile; fileRef = 646CC5CC2B604B4600470965 /* LaunchScreen.storyboard */; };
		646CC5D72B60512F00470965 /* HomeViewController.swift in Sources */ = {isa = PBXBuildFile; fileRef = 646CC5D62B60512F00470965 /* HomeViewController.swift */; };
		646CC5D92B60516B00470965 /* HomeViewController.storyboard in Resources */ = {isa = PBXBuildFile; fileRef = 646CC5D82B60516B00470965 /* HomeViewController.storyboard */; };
		646CC5DD2B605E5700470965 /* credCardTableViewCell.swift in Sources */ = {isa = PBXBuildFile; fileRef = 646CC5DB2B605E5700470965 /* credCardTableViewCell.swift */; };
		646CC5DE2B605E5700470965 /* credCardTableViewCell.xib in Resources */ = {isa = PBXBuildFile; fileRef = 646CC5DC2B605E5700470965 /* credCardTableViewCell.xib */; };
		64A5EE312B758D4C00FDCCEF /* CredCardViewModel.swift in Sources */ = {isa = PBXBuildFile; fileRef = 64A5EE302B758D4C00FDCCEF /* CredCardViewModel.swift */; };
		64A5EE342B758E2100FDCCEF /* CredCardService.swift in Sources */ = {isa = PBXBuildFile; fileRef = 64A5EE332B758E2100FDCCEF /* CredCardService.swift */; };
		64A5EE372B758F3F00FDCCEF /* CredCard.json in Resources */ = {isa = PBXBuildFile; fileRef = 64A5EE362B758F3F00FDCCEF /* CredCard.json */; };
		64A5EE3A2B758FCB00FDCCEF /* CredCard.swift in Sources */ = {isa = PBXBuildFile; fileRef = 64A5EE392B758FCB00FDCCEF /* CredCard.swift */; };
		64E9A0632B80226F006C776B /* detailsViewController.swift in Sources */ = {isa = PBXBuildFile; fileRef = 64E9A0622B80226F006C776B /* detailsViewController.swift */; };
		64E9A0672B80230A006C776B /* detailsViewController.storyboard in Resources */ = {isa = PBXBuildFile; fileRef = 64E9A0662B80230A006C776B /* detailsViewController.storyboard */; };
/* End PBXBuildFile section */

/* Begin PBXFileReference section */
		646CC5BE2B604B4500470965 /* PanCredCard.app */ = {isa = PBXFileReference; explicitFileType = wrapper.application; includeInIndex = 0; path = PanCredCard.app; sourceTree = BUILT_PRODUCTS_DIR; };
		646CC5C12B604B4500470965 /* AppDelegate.swift */ = {isa = PBXFileReference; lastKnownFileType = sourcecode.swift; path = AppDelegate.swift; sourceTree = "<group>"; };
		646CC5C32B604B4500470965 /* SceneDelegate.swift */ = {isa = PBXFileReference; lastKnownFileType = sourcecode.swift; path = SceneDelegate.swift; sourceTree = "<group>"; };
		646CC5C52B604B4500470965 /* LoginViewController.swift */ = {isa = PBXFileReference; lastKnownFileType = sourcecode.swift; path = LoginViewController.swift; sourceTree = "<group>"; };
		646CC5C82B604B4500470965 /* Base */ = {isa = PBXFileReference; lastKnownFileType = file.storyboard; name = Base; path = Base.lproj/Main.storyboard; sourceTree = "<group>"; };
		646CC5CA2B604B4600470965 /* Assets.xcassets */ = {isa = PBXFileReference; lastKnownFileType = folder.assetcatalog; path = Assets.xcassets; sourceTree = "<group>"; };
		646CC5CD2B604B4600470965 /* Base */ = {isa = PBXFileReference; lastKnownFileType = file.storyboard; name = Base; path = Base.lproj/LaunchScreen.storyboard; sourceTree = "<group>"; };
		646CC5CF2B604B4600470965 /* Info.plist */ = {isa = PBXFileReference; lastKnownFileType = text.plist.xml; path = Info.plist; sourceTree = "<group>"; };
		646CC5D62B60512F00470965 /* HomeViewController.swift */ = {isa = PBXFileReference; lastKnownFileType = sourcecode.swift; path = HomeViewController.swift; sourceTree = "<group>"; };
		646CC5D82B60516B00470965 /* HomeViewController.storyboard */ = {isa = PBXFileReference; lastKnownFileType = file.storyboard; path = HomeViewController.storyboard; sourceTree = "<group>"; };
		646CC5DB2B605E5700470965 /* credCardTableViewCell.swift */ = {isa = PBXFileReference; lastKnownFileType = sourcecode.swift; path = credCardTableViewCell.swift; sourceTree = "<group>"; };
		646CC5DC2B605E5700470965 /* credCardTableViewCell.xib */ = {isa = PBXFileReference; lastKnownFileType = file.xib; path = credCardTableViewCell.xib; sourceTree = "<group>"; };
		64A5EE302B758D4C00FDCCEF /* CredCardViewModel.swift */ = {isa = PBXFileReference; lastKnownFileType = sourcecode.swift; path = CredCardViewModel.swift; sourceTree = "<group>"; };
		64A5EE332B758E2100FDCCEF /* CredCardService.swift */ = {isa = PBXFileReference; lastKnownFileType = sourcecode.swift; path = CredCardService.swift; sourceTree = "<group>"; };
		64A5EE362B758F3F00FDCCEF /* CredCard.json */ = {isa = PBXFileReference; lastKnownFileType = text.json; path = CredCard.json; sourceTree = "<group>"; };
		64A5EE392B758FCB00FDCCEF /* CredCard.swift */ = {isa = PBXFileReference; lastKnownFileType = sourcecode.swift; path = CredCard.swift; sourceTree = "<group>"; };
		64E9A0622B80226F006C776B /* detailsViewController.swift */ = {isa = PBXFileReference; lastKnownFileType = sourcecode.swift; path = detailsViewController.swift; sourceTree = "<group>"; };
		64E9A0662B80230A006C776B /* detailsViewController.storyboard */ = {isa = PBXFileReference; lastKnownFileType = file.storyboard; path = detailsViewController.storyboard; sourceTree = "<group>"; };
/* End PBXFileReference section */

/* Begin PBXFrameworksBuildPhase section */
		646CC5BB2B604B4500470965 /* Frameworks */ = {
			isa = PBXFrameworksBuildPhase;
			buildActionMask = 2147483647;
			files = (
			);
			runOnlyForDeploymentPostprocessing = 0;
		};
/* End PBXFrameworksBuildPhase section */

/* Begin PBXGroup section */
		646CC5B52B604B4500470965 = {
			isa = PBXGroup;
			children = (
				646CC5C02B604B4500470965 /* PanCredCard */,
				646CC5BF2B604B4500470965 /* Products */,
			);
			sourceTree = "<group>";
		};
		646CC5BF2B604B4500470965 /* Products */ = {
			isa = PBXGroup;
			children = (
				646CC5BE2B604B4500470965 /* PanCredCard.app */,
			);
			name = Products;
			sourceTree = "<group>";
		};
		646CC5C02B604B4500470965 /* PanCredCard */ = {
			isa = PBXGroup;
			children = (
				64E9A0612B80214A006C776B /* DetailsScreen */,
				64A5EE382B758FB600FDCCEF /* Model */,
				64A5EE352B758F0A00FDCCEF /* Mock */,
				646CC5D52B6050E700470965 /* HomeScreen */,
				646CC5C12B604B4500470965 /* AppDelegate.swift */,
				646CC5C32B604B4500470965 /* SceneDelegate.swift */,
				646CC5C52B604B4500470965 /* LoginViewController.swift */,
				646CC5C72B604B4500470965 /* Main.storyboard */,
				646CC5CA2B604B4600470965 /* Assets.xcassets */,
				646CC5CC2B604B4600470965 /* LaunchScreen.storyboard */,
				646CC5CF2B604B4600470965 /* Info.plist */,
			);
			path = PanCredCard;
			sourceTree = "<group>";
		};
		646CC5D52B6050E700470965 /* HomeScreen */ = {
			isa = PBXGroup;
			children = (
				64A5EE322B758E0200FDCCEF /* Service */,
				64A5EE2F2B758D2600FDCCEF /* ViewModel */,
				646CC5DA2B605E2F00470965 /* Cells */,
				646CC5D62B60512F00470965 /* HomeViewController.swift */,
				646CC5D82B60516B00470965 /* HomeViewController.storyboard */,
			);
			path = HomeScreen;
			sourceTree = "<group>";
		};
		646CC5DA2B605E2F00470965 /* Cells */ = {
			isa = PBXGroup;
			children = (
				646CC5DB2B605E5700470965 /* credCardTableViewCell.swift */,
				646CC5DC2B605E5700470965 /* credCardTableViewCell.xib */,
			);
			path = Cells;
			sourceTree = "<group>";
		};
		64A5EE2F2B758D2600FDCCEF /* ViewModel */ = {
			isa = PBXGroup;
			children = (
				64A5EE302B758D4C00FDCCEF /* CredCardViewModel.swift */,
			);
			path = ViewModel;
			sourceTree = "<group>";
		};
		64A5EE322B758E0200FDCCEF /* Service */ = {
			isa = PBXGroup;
			children = (
				64A5EE332B758E2100FDCCEF /* CredCardService.swift */,
			);
			path = Service;
			sourceTree = "<group>";
		};
		64A5EE352B758F0A00FDCCEF /* Mock */ = {
			isa = PBXGroup;
			children = (
				64A5EE362B758F3F00FDCCEF /* CredCard.json */,
			);
			path = Mock;
			sourceTree = "<group>";
		};
		64A5EE382B758FB600FDCCEF /* Model */ = {
			isa = PBXGroup;
			children = (
				64A5EE392B758FCB00FDCCEF /* CredCard.swift */,
			);
			path = Model;
			sourceTree = "<group>";
		};
		64E9A0612B80214A006C776B /* DetailsScreen */ = {
			isa = PBXGroup;
			children = (
				64E9A0622B80226F006C776B /* detailsViewController.swift */,
				64E9A0662B80230A006C776B /* detailsViewController.storyboard */,
			);
			path = DetailsScreen;
			sourceTree = "<group>";
		};
/* End PBXGroup section */

/* Begin PBXNativeTarget section */
		646CC5BD2B604B4500470965 /* PanCredCard */ = {
			isa = PBXNativeTarget;
			buildConfigurationList = 646CC5D22B604B4600470965 /* Build configuration list for PBXNativeTarget "PanCredCard" */;
			buildPhases = (
				646CC5BA2B604B4500470965 /* Sources */,
				646CC5BB2B604B4500470965 /* Frameworks */,
				646CC5BC2B604B4500470965 /* Resources */,
			);
			buildRules = (
			);
			dependencies = (
			);
			name = PanCredCard;
			productName = PanCredCard;
			productReference = 646CC5BE2B604B4500470965 /* PanCredCard.app */;
			productType = "com.apple.product-type.application";
		};
/* End PBXNativeTarget section */

/* Begin PBXProject section */
		646CC5B62B604B4500470965 /* Project object */ = {
			isa = PBXProject;
			attributes = {
				BuildIndependentTargetsInParallel = 1;
				LastSwiftUpdateCheck = 1500;
				LastUpgradeCheck = 1500;
				TargetAttributes = {
					646CC5BD2B604B4500470965 = {
						CreatedOnToolsVersion = 15.0;
					};
				};
			};
			buildConfigurationList = 646CC5B92B604B4500470965 /* Build configuration list for PBXProject "PanCredCard" */;
			compatibilityVersion = "Xcode 14.0";
			developmentRegion = en;
			hasScannedForEncodings = 0;
			knownRegions = (
				en,
				Base,
			);
			mainGroup = 646CC5B52B604B4500470965;
			productRefGroup = 646CC5BF2B604B4500470965 /* Products */;
			projectDirPath = "";
			projectRoot = "";
			targets = (
				646CC5BD2B604B4500470965 /* PanCredCard */,
			);
		};
/* End PBXProject section */

/* Begin PBXResourcesBuildPhase section */
		646CC5BC2B604B4500470965 /* Resources */ = {
			isa = PBXResourcesBuildPhase;
			buildActionMask = 2147483647;
			files = (
				646CC5D92B60516B00470965 /* HomeViewController.storyboard in Resources */,
				64A5EE372B758F3F00FDCCEF /* CredCard.json in Resources */,
				646CC5CE2B604B4600470965 /* LaunchScreen.storyboard in Resources */,
				646CC5CB2B604B4600470965 /* Assets.xcassets in Resources */,
				646CC5DE2B605E5700470965 /* credCardTableViewCell.xib in Resources */,
				646CC5C92B604B4500470965 /* Main.storyboard in Resources */,
				64E9A0672B80230A006C776B /* detailsViewController.storyboard in Resources */,
			);
			runOnlyForDeploymentPostprocessing = 0;
		};
/* End PBXResourcesBuildPhase section */

/* Begin PBXSourcesBuildPhase section */
		646CC5BA2B604B4500470965 /* Sources */ = {
			isa = PBXSourcesBuildPhase;
			buildActionMask = 2147483647;
			files = (
				64A5EE342B758E2100FDCCEF /* CredCardService.swift in Sources */,
				64A5EE3A2B758FCB00FDCCEF /* CredCard.swift in Sources */,
				646CC5C62B604B4500470965 /* LoginViewController.swift in Sources */,
				64E9A0632B80226F006C776B /* detailsViewController.swift in Sources */,
				646CC5C22B604B4500470965 /* AppDelegate.swift in Sources */,
				646CC5C42B604B4500470965 /* SceneDelegate.swift in Sources */,
				646CC5D72B60512F00470965 /* HomeViewController.swift in Sources */,
				64A5EE312B758D4C00FDCCEF /* CredCardViewModel.swift in Sources */,
				646CC5DD2B605E5700470965 /* credCardTableViewCell.swift in Sources */,
			);
			runOnlyForDeploymentPostprocessing = 0;
		};
/* End PBXSourcesBuildPhase section */

/* Begin PBXVariantGroup section */
		646CC5C72B604B4500470965 /* Main.storyboard */ = {
			isa = PBXVariantGroup;
			children = (
				646CC5C82B604B4500470965 /* Base */,
			);
			name = Main.storyboard;
			sourceTree = "<group>";
		};
		646CC5CC2B604B4600470965 /* LaunchScreen.storyboard */ = {
			isa = PBXVariantGroup;
			children = (
				646CC5CD2B604B4600470965 /* Base */,
			);
			name = LaunchScreen.storyboard;
			sourceTree = "<group>";
		};
/* End PBXVariantGroup section */

/* Begin XCBuildConfiguration section */
		646CC5D02B604B4600470965 /* Debug */ = {
			isa = XCBuildConfiguration;
			buildSettings = {
				ALWAYS_SEARCH_USER_PATHS = NO;
				ASSETCATALOG_COMPILER_GENERATE_SWIFT_ASSET_SYMBOL_EXTENSIONS = YES;
				CLANG_ANALYZER_NONNULL = YES;
				CLANG_ANALYZER_NUMBER_OBJECT_CONVERSION = YES_AGGRESSIVE;
				CLANG_CXX_LANGUAGE_STANDARD = "gnu++20";
				CLANG_ENABLE_MODULES = YES;
				CLANG_ENABLE_OBJC_ARC = YES;
				CLANG_ENABLE_OBJC_WEAK = YES;
				CLANG_WARN_BLOCK_CAPTURE_AUTORELEASING = YES;
				CLANG_WARN_BOOL_CONVERSION = YES;
				CLANG_WARN_COMMA = YES;
				CLANG_WARN_CONSTANT_CONVERSION = YES;
				CLANG_WARN_DEPRECATED_OBJC_IMPLEMENTATIONS = YES;
				CLANG_WARN_DIRECT_OBJC_ISA_USAGE = YES_ERROR;
				CLANG_WARN_DOCUMENTATION_COMMENTS = YES;
				CLANG_WARN_EMPTY_BODY = YES;
				CLANG_WARN_ENUM_CONVERSION = YES;
				CLANG_WARN_INFINITE_RECURSION = YES;
				CLANG_WARN_INT_CONVERSION = YES;
				CLANG_WARN_NON_LITERAL_NULL_CONVERSION = YES;
				CLANG_WARN_OBJC_IMPLICIT_RETAIN_SELF = YES;
				CLANG_WARN_OBJC_LITERAL_CONVERSION = YES;
				CLANG_WARN_OBJC_ROOT_CLASS = YES_ERROR;
				CLANG_WARN_QUOTED_INCLUDE_IN_FRAMEWORK_HEADER = YES;
				CLANG_WARN_RANGE_LOOP_ANALYSIS = YES;
				CLANG_WARN_STRICT_PROTOTYPES = YES;
				CLANG_WARN_SUSPICIOUS_MOVE = YES;
				CLANG_WARN_UNGUARDED_AVAILABILITY = YES_AGGRESSIVE;
				CLANG_WARN_UNREACHABLE_CODE = YES;
				CLANG_WARN__DUPLICATE_METHOD_MATCH = YES;
				COPY_PHASE_STRIP = NO;
				DEBUG_INFORMATION_FORMAT = dwarf;
				ENABLE_STRICT_OBJC_MSGSEND = YES;
				ENABLE_TESTABILITY = YES;
				ENABLE_USER_SCRIPT_SANDBOXING = YES;
				GCC_C_LANGUAGE_STANDARD = gnu17;
				GCC_DYNAMIC_NO_PIC = NO;
				GCC_NO_COMMON_BLOCKS = YES;
				GCC_OPTIMIZATION_LEVEL = 0;
				GCC_PREPROCESSOR_DEFINITIONS = (
					"DEBUG=1",
					"$(inherited)",
				);
				GCC_WARN_64_TO_32_BIT_CONVERSION = YES;
				GCC_WARN_ABOUT_RETURN_TYPE = YES_ERROR;
				GCC_WARN_UNDECLARED_SELECTOR = YES;
				GCC_WARN_UNINITIALIZED_AUTOS = YES_AGGRESSIVE;
				GCC_WARN_UNUSED_FUNCTION = YES;
				GCC_WARN_UNUSED_VARIABLE = YES;
				IPHONEOS_DEPLOYMENT_TARGET = 17.0;
				LOCALIZATION_PREFERS_STRING_CATALOGS = YES;
				MTL_ENABLE_DEBUG_INFO = INCLUDE_SOURCE;
				MTL_FAST_MATH = YES;
				ONLY_ACTIVE_ARCH = YES;
				SDKROOT = iphoneos;
				SWIFT_ACTIVE_COMPILATION_CONDITIONS = "DEBUG $(inherited)";
				SWIFT_OPTIMIZATION_LEVEL = "-Onone";
			};
			name = Debug;
		};
		646CC5D12B604B4600470965 /* Release */ = {
			isa = XCBuildConfiguration;
			buildSettings = {
				ALWAYS_SEARCH_USER_PATHS = NO;
				ASSETCATALOG_COMPILER_GENERATE_SWIFT_ASSET_SYMBOL_EXTENSIONS = YES;
				CLANG_ANALYZER_NONNULL = YES;
				CLANG_ANALYZER_NUMBER_OBJECT_CONVERSION = YES_AGGRESSIVE;
				CLANG_CXX_LANGUAGE_STANDARD = "gnu++20";
				CLANG_ENABLE_MODULES = YES;
				CLANG_ENABLE_OBJC_ARC = YES;
				CLANG_ENABLE_OBJC_WEAK = YES;
				CLANG_WARN_BLOCK_CAPTURE_AUTORELEASING = YES;
				CLANG_WARN_BOOL_CONVERSION = YES;
				CLANG_WARN_COMMA = YES;
				CLANG_WARN_CONSTANT_CONVERSION = YES;
				CLANG_WARN_DEPRECATED_OBJC_IMPLEMENTATIONS = YES;
				CLANG_WARN_DIRECT_OBJC_ISA_USAGE = YES_ERROR;
				CLANG_WARN_DOCUMENTATION_COMMENTS = YES;
				CLANG_WARN_EMPTY_BODY = YES;
				CLANG_WARN_ENUM_CONVERSION = YES;
				CLANG_WARN_INFINITE_RECURSION = YES;
				CLANG_WARN_INT_CONVERSION = YES;
				CLANG_WARN_NON_LITERAL_NULL_CONVERSION = YES;
				CLANG_WARN_OBJC_IMPLICIT_RETAIN_SELF = YES;
				CLANG_WARN_OBJC_LITERAL_CONVERSION = YES;
				CLANG_WARN_OBJC_ROOT_CLASS = YES_ERROR;
				CLANG_WARN_QUOTED_INCLUDE_IN_FRAMEWORK_HEADER = YES;
				CLANG_WARN_RANGE_LOOP_ANALYSIS = YES;
				CLANG_WARN_STRICT_PROTOTYPES = YES;
				CLANG_WARN_SUSPICIOUS_MOVE = YES;
				CLANG_WARN_UNGUARDED_AVAILABILITY = YES_AGGRESSIVE;
				CLANG_WARN_UNREACHABLE_CODE = YES;
				CLANG_WARN__DUPLICATE_METHOD_MATCH = YES;
				COPY_PHASE_STRIP = NO;
				DEBUG_INFORMATION_FORMAT = "dwarf-with-dsym";
				ENABLE_NS_ASSERTIONS = NO;
				ENABLE_STRICT_OBJC_MSGSEND = YES;
				ENABLE_USER_SCRIPT_SANDBOXING = YES;
				GCC_C_LANGUAGE_STANDARD = gnu17;
				GCC_NO_COMMON_BLOCKS = YES;
				GCC_WARN_64_TO_32_BIT_CONVERSION = YES;
				GCC_WARN_ABOUT_RETURN_TYPE = YES_ERROR;
				GCC_WARN_UNDECLARED_SELECTOR = YES;
				GCC_WARN_UNINITIALIZED_AUTOS = YES_AGGRESSIVE;
				GCC_WARN_UNUSED_FUNCTION = YES;
				GCC_WARN_UNUSED_VARIABLE = YES;
				IPHONEOS_DEPLOYMENT_TARGET = 17.0;
				LOCALIZATION_PREFERS_STRING_CATALOGS = YES;
				MTL_ENABLE_DEBUG_INFO = NO;
				MTL_FAST_MATH = YES;
				SDKROOT = iphoneos;
				SWIFT_COMPILATION_MODE = wholemodule;
				VALIDATE_PRODUCT = YES;
			};
			name = Release;
		};
		646CC5D32B604B4600470965 /* Debug */ = {
			isa = XCBuildConfiguration;
			buildSettings = {
				ASSETCATALOG_COMPILER_APPICON_NAME = AppIcon;
				ASSETCATALOG_COMPILER_GLOBAL_ACCENT_COLOR_NAME = AccentColor;
				CODE_SIGN_STYLE = Automatic;
				CURRENT_PROJECT_VERSION = 1;
				GENERATE_INFOPLIST_FILE = YES;
				INFOPLIST_FILE = PanCredCard/Info.plist;
				INFOPLIST_KEY_UIApplicationSupportsIndirectInputEvents = YES;
				INFOPLIST_KEY_UILaunchStoryboardName = LaunchScreen;
				INFOPLIST_KEY_UIMainStoryboardFile = Main;
				INFOPLIST_KEY_UISupportedInterfaceOrientations_iPad = "UIInterfaceOrientationPortrait UIInterfaceOrientationPortraitUpsideDown UIInterfaceOrientationLandscapeLeft UIInterfaceOrientationLandscapeRight";
				INFOPLIST_KEY_UISupportedInterfaceOrientations_iPhone = "UIInterfaceOrientationPortrait UIInterfaceOrientationLandscapeLeft UIInterfaceOrientationLandscapeRight";
				LD_RUNPATH_SEARCH_PATHS = (
					"$(inherited)",
					"@executable_path/Frameworks",
				);
				MARKETING_VERSION = 1.0;
				PRODUCT_BUNDLE_IDENTIFIER = backfront.PanCredCard;
				PRODUCT_NAME = "$(TARGET_NAME)";
				SWIFT_EMIT_LOC_STRINGS = YES;
				SWIFT_VERSION = 5.0;
				TARGETED_DEVICE_FAMILY = "1,2";
			};
			name = Debug;
		};
		646CC5D42B604B4600470965 /* Release */ = {
			isa = XCBuildConfiguration;
			buildSettings = {
				ASSETCATALOG_COMPILER_APPICON_NAME = AppIcon;
				ASSETCATALOG_COMPILER_GLOBAL_ACCENT_COLOR_NAME = AccentColor;
				CODE_SIGN_STYLE = Automatic;
				CURRENT_PROJECT_VERSION = 1;
				GENERATE_INFOPLIST_FILE = YES;
				INFOPLIST_FILE = PanCredCard/Info.plist;
				INFOPLIST_KEY_UIApplicationSupportsIndirectInputEvents = YES;
				INFOPLIST_KEY_UILaunchStoryboardName = LaunchScreen;
				INFOPLIST_KEY_UIMainStoryboardFile = Main;
				INFOPLIST_KEY_UISupportedInterfaceOrientations_iPad = "UIInterfaceOrientationPortrait UIInterfaceOrientationPortraitUpsideDown UIInterfaceOrientationLandscapeLeft UIInterfaceOrientationLandscapeRight";
				INFOPLIST_KEY_UISupportedInterfaceOrientations_iPhone = "UIInterfaceOrientationPortrait UIInterfaceOrientationLandscapeLeft UIInterfaceOrientationLandscapeRight";
				LD_RUNPATH_SEARCH_PATHS = (
					"$(inherited)",
					"@executable_path/Frameworks",
				);
				MARKETING_VERSION = 1.0;
				PRODUCT_BUNDLE_IDENTIFIER = backfront.PanCredCard;
				PRODUCT_NAME = "$(TARGET_NAME)";
				SWIFT_EMIT_LOC_STRINGS = YES;
				SWIFT_VERSION = 5.0;
				TARGETED_DEVICE_FAMILY = "1,2";
			};
			name = Release;
		};
/* End XCBuildConfiguration section */

/* Begin XCConfigurationList section */
		646CC5B92B604B4500470965 /* Build configuration list for PBXProject "PanCredCard" */ = {
			isa = XCConfigurationList;
			buildConfigurations = (
				646CC5D02B604B4600470965 /* Debug */,
				646CC5D12B604B4600470965 /* Release */,
			);
			defaultConfigurationIsVisible = 0;
			defaultConfigurationName = Release;
		};
		646CC5D22B604B4600470965 /* Build configuration list for PBXNativeTarget "PanCredCard" */ = {
			isa = XCConfigurationList;
			buildConfigurations = (
				646CC5D32B604B4600470965 /* Debug */,
				646CC5D42B604B4600470965 /* Release */,
			);
			defaultConfigurationIsVisible = 0;
			defaultConfigurationName = Release;
		};
/* End XCConfigurationList section */
	};
	rootObject = 646CC5B62B604B4500470965 /* Project object */;
}
